
Microsoft Visual Studio Solution File, Format Version 12.00
# Visual Studio Version 16
VisualStudioVersion = 16.0.31624.102
MinimumVisualStudioVersion = 10.0.40219.1
Project("{FAE04EC0-301F-11D3-BF4B-00C04F79EFBC}") = "AdactinInsuranceApplication", "AdactinInsuranceApplication\AdactinInsuranceApplication.csproj", "{DF4A5869-0BF4-4C4E-A2DA-50D1757A9239}"
EndProject
Global
	GlobalSection(SolutionConfigurationPlatforms) = preSolution
		Debug|Any CPU = Debug|Any CPU
		Release|Any CPU = Release|Any CPU
	EndGlobalSection
	GlobalSection(ProjectConfigurationPlatforms) = postSolution
		{DF4A5869-0BF4-4C4E-A2DA-50D1757A9239}.Debug|Any CPU.ActiveCfg = Debug|Any CPU
		{DF4A5869-0BF4-4C4E-A2DA-50D1757A9239}.Debug|Any CPU.Build.0 = Debug|Any CPU
		{DF4A5869-0BF4-4C4E-A2DA-50D1757A9239}.Release|Any CPU.ActiveCfg = Release|Any CPU
		{DF4A5869-0BF4-4C4E-A2DA-50D1757A9239}.Release|Any CPU.Build.0 = Release|Any CPU
	EndGlobalSection
	GlobalSection(SolutionProperties) = preSolution
		HideSolutionNode = FALSE
	EndGlobalSection
	GlobalSection(ExtensibilityGlobals) = postSolution
		SolutionGuid = {EFF6154D-244D-4AEF-A937-63170072AD49}
	EndGlobalSection
EndGlobal
